
Microsoft Visual Studio Solution File, Format Version 12.00
# Visual Studio Version 17
VisualStudioVersion = 17.6.33801.468
MinimumVisualStudioVersion = 10.0.40219.1
Project("{9A19103F-16F7-4668-BE54-9A1E7A4F7556}") = "AnimalFactory", "AnimalFactory.csproj", "{CBD7BE92-1A03-4525-BE6D-92BD7C8962DF}"
EndProject
Global
	GlobalSection(SolutionConfigurationPlatforms) = preSolution
		Debug|Any CPU = Debug|Any CPU
		Release|Any CPU = Release|Any CPU
	EndGlobalSection
	GlobalSection(ProjectConfigurationPlatforms) = postSolution
		{CBD7BE92-1A03-4525-BE6D-92BD7C8962DF}.Debug|Any CPU.ActiveCfg = Debug|Any CPU
		{CBD7BE92-1A03-4525-BE6D-92BD7C8962DF}.Debug|Any CPU.Build.0 = Debug|Any CPU
		{CBD7BE92-1A03-4525-BE6D-92BD7C8962DF}.Release|Any CPU.ActiveCfg = Release|Any CPU
		{CBD7BE92-1A03-4525-BE6D-92BD7C8962DF}.Release|Any CPU.Build.0 = Release|Any CPU
	EndGlobalSection
	GlobalSection(SolutionProperties) = preSolution
		HideSolutionNode = FALSE
	EndGlobalSection
	GlobalSection(ExtensibilityGlobals) = postSolution
		SolutionGuid = {261780F9-EDE0-4A77-9EAB-3ED74B45FA44}
	EndGlobalSection
EndGlobal
